
Microsoft Visual Studio Solution File, Format Version 12.00
# Visual Studio 14
VisualStudioVersion = 14.0.25420.1
MinimumVisualStudioVersion = 10.0.40219.1
Project("{8BC9CEB8-8B4A-11D0-8D11-00A0C91BC942}") = "lab3", "practice\lab3\lab3.vcxproj", "{DA8F07CB-498C-400F-959D-6FA5E5D6B5BC}"
EndProject
Project("{8BC9CEB8-8B4A-11D0-8D11-00A0C91BC942}") = "lab6", "practice\lab6\lab6.vcxproj", "{D3D903A5-F6B8-4D3A-B935-FE42B131F64E}"
EndProject
Project("{8BC9CEB8-8B4A-11D0-8D11-00A0C91BC942}") = "lab7", "practice\lab7\lab7.vcxproj", "{E978BF3F-DF9C-42C5-B0A8-85466B5E8E54}"
EndProject
Project("{8BC9CEB8-8B4A-11D0-8D11-00A0C91BC942}") = "lab8", "practice\lab8\lab8.vcxproj", "{CE95B973-F90E-40B7-BF60-4978BC972064}"
EndProject
Project("{8BC9CEB8-8B4A-11D0-8D11-00A0C91BC942}") = "FractionTree", "practice\FractionTree\FractionTree.vcxproj", "{4FA6D80F-1A53-4635-9E11-557EBF5DBF30}"
EndProject
Global
	GlobalSection(SolutionConfigurationPlatforms) = preSolution
		Debug|x64 = Debug|x64
		Debug|x86 = Debug|x86
		Release|x64 = Release|x64
		Release|x86 = Release|x86
	EndGlobalSection
	GlobalSection(ProjectConfigurationPlatforms) = postSolution
		{DA8F07CB-498C-400F-959D-6FA5E5D6B5BC}.Debug|x64.ActiveCfg = Debug|x64
		{DA8F07CB-498C-400F-959D-6FA5E5D6B5BC}.Debug|x64.Build.0 = Debug|x64
		{DA8F07CB-498C-400F-959D-6FA5E5D6B5BC}.Debug|x86.ActiveCfg = Debug|Win32
		{DA8F07CB-498C-400F-959D-6FA5E5D6B5BC}.Debug|x86.Build.0 = Debug|Win32
		{DA8F07CB-498C-400F-959D-6FA5E5D6B5BC}.Release|x64.ActiveCfg = Release|x64
		{DA8F07CB-498C-400F-959D-6FA5E5D6B5BC}.Release|x64.Build.0 = Release|x64
		{DA8F07CB-498C-400F-959D-6FA5E5D6B5BC}.Release|x86.ActiveCfg = Release|Win32
		{DA8F07CB-498C-400F-959D-6FA5E5D6B5BC}.Release|x86.Build.0 = Release|Win32
		{D3D903A5-F6B8-4D3A-B935-FE42B131F64E}.Debug|x64.ActiveCfg = Debug|x64
		{D3D903A5-F6B8-4D3A-B935-FE42B131F64E}.Debug|x64.Build.0 = Debug|x64
		{D3D903A5-F6B8-4D3A-B935-FE42B131F64E}.Debug|x86.ActiveCfg = Debug|Win32
		{D3D903A5-F6B8-4D3A-B935-FE42B131F64E}.Debug|x86.Build.0 = Debug|Win32
		{D3D903A5-F6B8-4D3A-B935-FE42B131F64E}.Release|x64.ActiveCfg = Release|x64
		{D3D903A5-F6B8-4D3A-B935-FE42B131F64E}.Release|x64.Build.0 = Release|x64
		{D3D903A5-F6B8-4D3A-B935-FE42B131F64E}.Release|x86.ActiveCfg = Release|Win32
		{D3D903A5-F6B8-4D3A-B935-FE42B131F64E}.Release|x86.Build.0 = Release|Win32
		{E978BF3F-DF9C-42C5-B0A8-85466B5E8E54}.Debug|x64.ActiveCfg = Debug|x64
		{E978BF3F-DF9C-42C5-B0A8-85466B5E8E54}.Debug|x64.Build.0 = Debug|x64
		{E978BF3F-DF9C-42C5-B0A8-85466B5E8E54}.Debug|x86.ActiveCfg = Debug|Win32
		{E978BF3F-DF9C-42C5-B0A8-85466B5E8E54}.Debug|x86.Build.0 = Debug|Win32
		{E978BF3F-DF9C-42C5-B0A8-85466B5E8E54}.Release|x64.ActiveCfg = Release|x64
		{E978BF3F-DF9C-42C5-B0A8-85466B5E8E54}.Release|x64.Build.0 = Release|x64
		{E978BF3F-DF9C-42C5-B0A8-85466B5E8E54}.Release|x86.ActiveCfg = Release|Win32
		{E978BF3F-DF9C-42C5-B0A8-85466B5E8E54}.Release|x86.Build.0 = Release|Win32
		{CE95B973-F90E-40B7-BF60-4978BC972064}.Debug|x64.ActiveCfg = Debug|x64
		{CE95B973-F90E-40B7-BF60-4978BC972064}.Debug|x64.Build.0 = Debug|x64
		{CE95B973-F90E-40B7-BF60-4978BC972064}.Debug|x86.ActiveCfg = Debug|Win32
		{CE95B973-F90E-40B7-BF60-4978BC972064}.Debug|x86.Build.0 = Debug|Win32
		{CE95B973-F90E-40B7-BF60-4978BC972064}.Release|x64.ActiveCfg = Release|x64
		{CE95B973-F90E-40B7-BF60-4978BC972064}.Release|x64.Build.0 = Release|x64
		{CE95B973-F90E-40B7-BF60-4978BC972064}.Release|x86.ActiveCfg = Release|Win32
		{CE95B973-F90E-40B7-BF60-4978BC972064}.Release|x86.Build.0 = Release|Win32
		{4FA6D80F-1A53-4635-9E11-557EBF5DBF30}.Debug|x64.ActiveCfg = Debug|x64
		{4FA6D80F-1A53-4635-9E11-557EBF5DBF30}.Debug|x64.Build.0 = Debug|x64
		{4FA6D80F-1A53-4635-9E11-557EBF5DBF30}.Debug|x86.ActiveCfg = Debug|Win32
		{4FA6D80F-1A53-4635-9E11-557EBF5DBF30}.Debug|x86.Build.0 = Debug|Win32
		{4FA6D80F-1A53-4635-9E11-557EBF5DBF30}.Release|x64.ActiveCfg = Release|x64
		{4FA6D80F-1A53-4635-9E11-557EBF5DBF30}.Release|x64.Build.0 = Release|x64
		{4FA6D80F-1A53-4635-9E11-557EBF5DBF30}.Release|x86.ActiveCfg = Release|Win32
		{4FA6D80F-1A53-4635-9E11-557EBF5DBF30}.Release|x86.Build.0 = Release|Win32
	EndGlobalSection
	GlobalSection(SolutionProperties) = preSolution
		HideSolutionNode = FALSE
	EndGlobalSection
EndGlobal
